
Microsoft Visual Studio Solution File, Format Version 12.00
Project("{FAE04EC0-301F-11D3-BF4B-00C04F79EFBC}") = "MyLibraryMind.Apresentation", "MyLibraryMind.Apresentation\MyLibraryMind.Apresentation.csproj", "{4AEBE179-1178-4EA0-B00E-8A0DA50BD735}"
EndProject
Project("{FAE04EC0-301F-11D3-BF4B-00C04F79EFBC}") = "MyLibraryMind.Domain", "MyLibraryMind.Domain\MyLibraryMind.Domain.csproj", "{AA00069D-5718-445C-B071-B83CBDC7DD20}"
EndProject
Project("{FAE04EC0-301F-11D3-BF4B-00C04F79EFBC}") = "MyLibraryMind.InfraStructure", "MyLibraryMind.InfraStructure\MyLibraryMind.InfraStructure.csproj", "{08491A5C-F484-440A-B311-1C0110298FE9}"
EndProject
Project("{FAE04EC0-301F-11D3-BF4B-00C04F79EFBC}") = "MyLibraryMind.Application", "MyLibraryMind.Application\MyLibraryMind.Application.csproj", "{329C6EC3-83E6-4A05-B9B7-C031AE30F0C4}"
EndProject
Global
	GlobalSection(SolutionConfigurationPlatforms) = preSolution
		Debug|Any CPU = Debug|Any CPU
		Release|Any CPU = Release|Any CPU
	EndGlobalSection
	GlobalSection(ProjectConfigurationPlatforms) = postSolution
		{4AEBE179-1178-4EA0-B00E-8A0DA50BD735}.Debug|Any CPU.ActiveCfg = Debug|Any CPU
		{4AEBE179-1178-4EA0-B00E-8A0DA50BD735}.Debug|Any CPU.Build.0 = Debug|Any CPU
		{4AEBE179-1178-4EA0-B00E-8A0DA50BD735}.Release|Any CPU.ActiveCfg = Release|Any CPU
		{4AEBE179-1178-4EA0-B00E-8A0DA50BD735}.Release|Any CPU.Build.0 = Release|Any CPU
		{AA00069D-5718-445C-B071-B83CBDC7DD20}.Debug|Any CPU.ActiveCfg = Debug|Any CPU
		{AA00069D-5718-445C-B071-B83CBDC7DD20}.Debug|Any CPU.Build.0 = Debug|Any CPU
		{AA00069D-5718-445C-B071-B83CBDC7DD20}.Release|Any CPU.ActiveCfg = Release|Any CPU
		{AA00069D-5718-445C-B071-B83CBDC7DD20}.Release|Any CPU.Build.0 = Release|Any CPU
		{08491A5C-F484-440A-B311-1C0110298FE9}.Debug|Any CPU.ActiveCfg = Debug|Any CPU
		{08491A5C-F484-440A-B311-1C0110298FE9}.Debug|Any CPU.Build.0 = Debug|Any CPU
		{08491A5C-F484-440A-B311-1C0110298FE9}.Release|Any CPU.ActiveCfg = Release|Any CPU
		{08491A5C-F484-440A-B311-1C0110298FE9}.Release|Any CPU.Build.0 = Release|Any CPU
		{329C6EC3-83E6-4A05-B9B7-C031AE30F0C4}.Debug|Any CPU.ActiveCfg = Debug|Any CPU
		{329C6EC3-83E6-4A05-B9B7-C031AE30F0C4}.Debug|Any CPU.Build.0 = Debug|Any CPU
		{329C6EC3-83E6-4A05-B9B7-C031AE30F0C4}.Release|Any CPU.ActiveCfg = Release|Any CPU
		{329C6EC3-83E6-4A05-B9B7-C031AE30F0C4}.Release|Any CPU.Build.0 = Release|Any CPU
	EndGlobalSection
EndGlobal
